
Microsoft Visual Studio Solution File, Format Version 12.00
# Visual Studio Version 17
VisualStudioVersion = 17.13.35818.85
MinimumVisualStudioVersion = 10.0.40219.1
Project("{FAE04EC0-301F-11D3-BF4B-00C04F79EFBC}") = "Blog", "Blog.csproj", "{ED73E562-256C-40FA-85FB-8897E35EB7D5}"
EndProject
Project("{FAE04EC0-301F-11D3-BF4B-00C04F79EFBC}") = "Services", "..\Services\Services.csproj", "{5831FC80-AF51-4A7A-9F0B-0010873F8590}"
EndProject
Global
	GlobalSection(SolutionConfigurationPlatforms) = preSolution
		Debug|Any CPU = Debug|Any CPU
		Release|Any CPU = Release|Any CPU
	EndGlobalSection
	GlobalSection(ProjectConfigurationPlatforms) = postSolution
		{ED73E562-256C-40FA-85FB-8897E35EB7D5}.Debug|Any CPU.ActiveCfg = Debug|Any CPU
		{ED73E562-256C-40FA-85FB-8897E35EB7D5}.Debug|Any CPU.Build.0 = Debug|Any CPU
		{ED73E562-256C-40FA-85FB-8897E35EB7D5}.Release|Any CPU.ActiveCfg = Release|Any CPU
		{ED73E562-256C-40FA-85FB-8897E35EB7D5}.Release|Any CPU.Build.0 = Release|Any CPU
		{5831FC80-AF51-4A7A-9F0B-0010873F8590}.Debug|Any CPU.ActiveCfg = Debug|Any CPU
		{5831FC80-AF51-4A7A-9F0B-0010873F8590}.Debug|Any CPU.Build.0 = Debug|Any CPU
		{5831FC80-AF51-4A7A-9F0B-0010873F8590}.Release|Any CPU.ActiveCfg = Release|Any CPU
		{5831FC80-AF51-4A7A-9F0B-0010873F8590}.Release|Any CPU.Build.0 = Release|Any CPU
	EndGlobalSection
	GlobalSection(SolutionProperties) = preSolution
		HideSolutionNode = FALSE
	EndGlobalSection
	GlobalSection(ExtensibilityGlobals) = postSolution
		SolutionGuid = {FAD42D82-A4B1-45BA-9FE4-4EDFC6ACDB39}
	EndGlobalSection
EndGlobal
